
Microsoft Visual Studio Solution File, Format Version 12.00
# Visual Studio Version 17
VisualStudioVersion = 17.2.32602.215
MinimumVisualStudioVersion = 10.0.40219.1
Project("{FAE04EC0-301F-11D3-BF4B-00C04F79EFBC}") = "Twinpack", "Twinpack\Twinpack.csproj", "{3D96F91E-AFE2-4B62-BBCB-B2546AAA932E}"
EndProject
Global
	GlobalSection(SolutionConfigurationPlatforms) = preSolution
		Debug|Any CPU = Debug|Any CPU
		Release|Any CPU = Release|Any CPU
	EndGlobalSection
	GlobalSection(ProjectConfigurationPlatforms) = postSolution
		{3D96F91E-AFE2-4B62-BBCB-B2546AAA932E}.Debug|Any CPU.ActiveCfg = Debug|Any CPU
		{3D96F91E-AFE2-4B62-BBCB-B2546AAA932E}.Debug|Any CPU.Build.0 = Debug|Any CPU
		{3D96F91E-AFE2-4B62-BBCB-B2546AAA932E}.Release|Any CPU.ActiveCfg = Release|Any CPU
		{3D96F91E-AFE2-4B62-BBCB-B2546AAA932E}.Release|Any CPU.Build.0 = Release|Any CPU
	EndGlobalSection
	GlobalSection(SolutionProperties) = preSolution
		HideSolutionNode = FALSE
	EndGlobalSection
	GlobalSection(ExtensibilityGlobals) = postSolution
		SolutionGuid = {542B75D1-FB30-40C5-BA16-7B83FE91D168}
	EndGlobalSection
EndGlobal
