
Microsoft Visual Studio Solution File, Format Version 12.00
# Visual Studio Version 17
VisualStudioVersion = 17.2.32602.215
MinimumVisualStudioVersion = 10.0.40219.1
Project("{FAE04EC0-301F-11D3-BF4B-00C04F79EFBC}") = "Twinpack.15", "Twinpack.15\Twinpack.15.csproj", "{3D96F91E-AFE2-4B62-BBCB-B2546AAA932E}"
EndProject
Project("{FAE04EC0-301F-11D3-BF4B-00C04F79EFBC}") = "TwinpackVsix.15", "TwinpackVsix.15\TwinpackVsix.15.csproj", "{1DC675D6-4139-4A77-B2F7-BEE8E4911D65}"
EndProject
Project("{D954291E-2A0B-460D-934E-DC6B0785DB48}") = "TwinpackVsixShared", "TwinpackVsixShared\TwinpackVsixShared.shproj", "{0FDB9F73-33C4-4CC7-9813-8D9A4BEBBC0E}"
EndProject
Project("{FAE04EC0-301F-11D3-BF4B-00C04F79EFBC}") = "TwinpackVsix.17", "TwinpackVsix.17\TwinpackVsix.17.csproj", "{710545A5-E083-4F4C-A7AC-C0F8B2E1F255}"
EndProject
Project("{D954291E-2A0B-460D-934E-DC6B0785DB48}") = "TwinpackCore", "TwinpackCore\TwinpackCore.shproj", "{963DD6A7-E9D8-4386-92E0-8B39CB7D8E9C}"
EndProject
Project("{FAE04EC0-301F-11D3-BF4B-00C04F79EFBC}") = "Twinpack.17", "Twinpack.17\Twinpack.17.csproj", "{9607F8B7-E76A-452C-87F0-E804BAE4E92F}"
EndProject
Project("{FAE04EC0-301F-11D3-BF4B-00C04F79EFBC}") = "TwinpackCli.Windows", "TwinpackCli.Windows\TwinpackCli.Windows.csproj", "{0ACCAF6B-A62C-4051-AE4F-47461EAA4A2F}"
EndProject
Project("{FAE04EC0-301F-11D3-BF4B-00C04F79EFBC}") = "TwinpackRegistry", "TwinpackRegistry\TwinpackRegistry.csproj", "{DBBE37C9-0A4D-4EB9-B965-E03431A2FE43}"
EndProject
Project("{FAE04EC0-301F-11D3-BF4B-00C04F79EFBC}") = "TwinpackTests", "TwinpackTests\TwinpackTests.csproj", "{C9F03787-EACD-4120-83E4-414AB7A8C695}"
EndProject
Project("{9A19103F-16F7-4668-BE54-9A1E7A4F7556}") = "Twinpack.Net", "Twinpack.Net\Twinpack.Net.csproj", "{FDED33D8-3F68-4AC3-AA86-D61E20801C2F}"
EndProject
Project("{FAE04EC0-301F-11D3-BF4B-00C04F79EFBC}") = "TwinpackCli.Net", "TwinpackCli.Net\TwinpackCli.Net.csproj", "{A9AF13EF-6D43-459A-B559-5C2856700025}"
EndProject
Global
	GlobalSection(SolutionConfigurationPlatforms) = preSolution
		Debug|Any CPU = Debug|Any CPU
		Debug|x86 = Debug|x86
		Release|Any CPU = Release|Any CPU
		Release|x86 = Release|x86
	EndGlobalSection
	GlobalSection(ProjectConfigurationPlatforms) = postSolution
		{3D96F91E-AFE2-4B62-BBCB-B2546AAA932E}.Debug|Any CPU.ActiveCfg = Debug|Any CPU
		{3D96F91E-AFE2-4B62-BBCB-B2546AAA932E}.Debug|Any CPU.Build.0 = Debug|Any CPU
		{3D96F91E-AFE2-4B62-BBCB-B2546AAA932E}.Debug|x86.ActiveCfg = Debug|Any CPU
		{3D96F91E-AFE2-4B62-BBCB-B2546AAA932E}.Debug|x86.Build.0 = Debug|Any CPU
		{3D96F91E-AFE2-4B62-BBCB-B2546AAA932E}.Release|Any CPU.ActiveCfg = Release|Any CPU
		{3D96F91E-AFE2-4B62-BBCB-B2546AAA932E}.Release|Any CPU.Build.0 = Release|Any CPU
		{3D96F91E-AFE2-4B62-BBCB-B2546AAA932E}.Release|x86.ActiveCfg = Release|Any CPU
		{3D96F91E-AFE2-4B62-BBCB-B2546AAA932E}.Release|x86.Build.0 = Release|Any CPU
		{1DC675D6-4139-4A77-B2F7-BEE8E4911D65}.Debug|Any CPU.ActiveCfg = Debug|Any CPU
		{1DC675D6-4139-4A77-B2F7-BEE8E4911D65}.Debug|Any CPU.Build.0 = Debug|Any CPU
		{1DC675D6-4139-4A77-B2F7-BEE8E4911D65}.Debug|x86.ActiveCfg = Debug|x86
		{1DC675D6-4139-4A77-B2F7-BEE8E4911D65}.Debug|x86.Build.0 = Debug|x86
		{1DC675D6-4139-4A77-B2F7-BEE8E4911D65}.Release|Any CPU.ActiveCfg = Release|Any CPU
		{1DC675D6-4139-4A77-B2F7-BEE8E4911D65}.Release|Any CPU.Build.0 = Release|Any CPU
		{1DC675D6-4139-4A77-B2F7-BEE8E4911D65}.Release|x86.ActiveCfg = Release|x86
		{1DC675D6-4139-4A77-B2F7-BEE8E4911D65}.Release|x86.Build.0 = Release|x86
		{710545A5-E083-4F4C-A7AC-C0F8B2E1F255}.Debug|Any CPU.ActiveCfg = Debug|Any CPU
		{710545A5-E083-4F4C-A7AC-C0F8B2E1F255}.Debug|Any CPU.Build.0 = Debug|Any CPU
		{710545A5-E083-4F4C-A7AC-C0F8B2E1F255}.Debug|x86.ActiveCfg = Debug|x86
		{710545A5-E083-4F4C-A7AC-C0F8B2E1F255}.Debug|x86.Build.0 = Debug|x86
		{710545A5-E083-4F4C-A7AC-C0F8B2E1F255}.Release|Any CPU.ActiveCfg = Release|Any CPU
		{710545A5-E083-4F4C-A7AC-C0F8B2E1F255}.Release|Any CPU.Build.0 = Release|Any CPU
		{710545A5-E083-4F4C-A7AC-C0F8B2E1F255}.Release|x86.ActiveCfg = Release|x86
		{710545A5-E083-4F4C-A7AC-C0F8B2E1F255}.Release|x86.Build.0 = Release|x86
		{9607F8B7-E76A-452C-87F0-E804BAE4E92F}.Debug|Any CPU.ActiveCfg = Debug|Any CPU
		{9607F8B7-E76A-452C-87F0-E804BAE4E92F}.Debug|Any CPU.Build.0 = Debug|Any CPU
		{9607F8B7-E76A-452C-87F0-E804BAE4E92F}.Debug|x86.ActiveCfg = Debug|Any CPU
		{9607F8B7-E76A-452C-87F0-E804BAE4E92F}.Debug|x86.Build.0 = Debug|Any CPU
		{9607F8B7-E76A-452C-87F0-E804BAE4E92F}.Release|Any CPU.ActiveCfg = Release|Any CPU
		{9607F8B7-E76A-452C-87F0-E804BAE4E92F}.Release|Any CPU.Build.0 = Release|Any CPU
		{9607F8B7-E76A-452C-87F0-E804BAE4E92F}.Release|x86.ActiveCfg = Release|Any CPU
		{9607F8B7-E76A-452C-87F0-E804BAE4E92F}.Release|x86.Build.0 = Release|Any CPU
		{0ACCAF6B-A62C-4051-AE4F-47461EAA4A2F}.Debug|Any CPU.ActiveCfg = Debug|Any CPU
		{0ACCAF6B-A62C-4051-AE4F-47461EAA4A2F}.Debug|Any CPU.Build.0 = Debug|Any CPU
		{0ACCAF6B-A62C-4051-AE4F-47461EAA4A2F}.Debug|x86.ActiveCfg = Debug|Any CPU
		{0ACCAF6B-A62C-4051-AE4F-47461EAA4A2F}.Debug|x86.Build.0 = Debug|Any CPU
		{0ACCAF6B-A62C-4051-AE4F-47461EAA4A2F}.Release|Any CPU.ActiveCfg = Release|Any CPU
		{0ACCAF6B-A62C-4051-AE4F-47461EAA4A2F}.Release|Any CPU.Build.0 = Release|Any CPU
		{0ACCAF6B-A62C-4051-AE4F-47461EAA4A2F}.Release|x86.ActiveCfg = Release|Any CPU
		{0ACCAF6B-A62C-4051-AE4F-47461EAA4A2F}.Release|x86.Build.0 = Release|Any CPU
		{DBBE37C9-0A4D-4EB9-B965-E03431A2FE43}.Debug|Any CPU.ActiveCfg = Debug|Any CPU
		{DBBE37C9-0A4D-4EB9-B965-E03431A2FE43}.Debug|Any CPU.Build.0 = Debug|Any CPU
		{DBBE37C9-0A4D-4EB9-B965-E03431A2FE43}.Debug|x86.ActiveCfg = Debug|Any CPU
		{DBBE37C9-0A4D-4EB9-B965-E03431A2FE43}.Debug|x86.Build.0 = Debug|Any CPU
		{DBBE37C9-0A4D-4EB9-B965-E03431A2FE43}.Release|Any CPU.ActiveCfg = Release|Any CPU
		{DBBE37C9-0A4D-4EB9-B965-E03431A2FE43}.Release|Any CPU.Build.0 = Release|Any CPU
		{DBBE37C9-0A4D-4EB9-B965-E03431A2FE43}.Release|x86.ActiveCfg = Release|Any CPU
		{DBBE37C9-0A4D-4EB9-B965-E03431A2FE43}.Release|x86.Build.0 = Release|Any CPU
		{C9F03787-EACD-4120-83E4-414AB7A8C695}.Debug|Any CPU.ActiveCfg = Debug|Any CPU
		{C9F03787-EACD-4120-83E4-414AB7A8C695}.Debug|Any CPU.Build.0 = Debug|Any CPU
		{C9F03787-EACD-4120-83E4-414AB7A8C695}.Debug|x86.ActiveCfg = Debug|Any CPU
		{C9F03787-EACD-4120-83E4-414AB7A8C695}.Debug|x86.Build.0 = Debug|Any CPU
		{C9F03787-EACD-4120-83E4-414AB7A8C695}.Release|Any CPU.ActiveCfg = Release|Any CPU
		{C9F03787-EACD-4120-83E4-414AB7A8C695}.Release|Any CPU.Build.0 = Release|Any CPU
		{C9F03787-EACD-4120-83E4-414AB7A8C695}.Release|x86.ActiveCfg = Release|Any CPU
		{C9F03787-EACD-4120-83E4-414AB7A8C695}.Release|x86.Build.0 = Release|Any CPU
		{FDED33D8-3F68-4AC3-AA86-D61E20801C2F}.Debug|Any CPU.ActiveCfg = Debug|Any CPU
		{FDED33D8-3F68-4AC3-AA86-D61E20801C2F}.Debug|Any CPU.Build.0 = Debug|Any CPU
		{FDED33D8-3F68-4AC3-AA86-D61E20801C2F}.Debug|x86.ActiveCfg = Debug|Any CPU
		{FDED33D8-3F68-4AC3-AA86-D61E20801C2F}.Debug|x86.Build.0 = Debug|Any CPU
		{FDED33D8-3F68-4AC3-AA86-D61E20801C2F}.Release|Any CPU.ActiveCfg = Release|Any CPU
		{FDED33D8-3F68-4AC3-AA86-D61E20801C2F}.Release|Any CPU.Build.0 = Release|Any CPU
		{FDED33D8-3F68-4AC3-AA86-D61E20801C2F}.Release|x86.ActiveCfg = Release|Any CPU
		{FDED33D8-3F68-4AC3-AA86-D61E20801C2F}.Release|x86.Build.0 = Release|Any CPU
		{A9AF13EF-6D43-459A-B559-5C2856700025}.Debug|Any CPU.ActiveCfg = Debug|Any CPU
		{A9AF13EF-6D43-459A-B559-5C2856700025}.Debug|Any CPU.Build.0 = Debug|Any CPU
		{A9AF13EF-6D43-459A-B559-5C2856700025}.Debug|x86.ActiveCfg = Debug|Any CPU
		{A9AF13EF-6D43-459A-B559-5C2856700025}.Debug|x86.Build.0 = Debug|Any CPU
		{A9AF13EF-6D43-459A-B559-5C2856700025}.Release|Any CPU.ActiveCfg = Release|Any CPU
		{A9AF13EF-6D43-459A-B559-5C2856700025}.Release|Any CPU.Build.0 = Release|Any CPU
		{A9AF13EF-6D43-459A-B559-5C2856700025}.Release|x86.ActiveCfg = Release|Any CPU
		{A9AF13EF-6D43-459A-B559-5C2856700025}.Release|x86.Build.0 = Release|Any CPU
	EndGlobalSection
	GlobalSection(SolutionProperties) = preSolution
		HideSolutionNode = FALSE
	EndGlobalSection
	GlobalSection(ExtensibilityGlobals) = postSolution
		SolutionGuid = {542B75D1-FB30-40C5-BA16-7B83FE91D168}
	EndGlobalSection
	GlobalSection(SharedMSBuildProjectFiles) = preSolution
		TwinpackVsixShared\TwinpackVsixShared.projitems*{0fdb9f73-33c4-4cc7-9813-8d9a4bebbc0e}*SharedItemsImports = 13
		TwinpackVsixShared\TwinpackVsixShared.projitems*{1dc675d6-4139-4a77-b2f7-bee8e4911d65}*SharedItemsImports = 4
		TwinpackCore\TwinpackCore.projitems*{3d96f91e-afe2-4b62-bbcb-b2546aaa932e}*SharedItemsImports = 5
		TwinpackVsixShared\TwinpackVsixShared.projitems*{710545a5-e083-4f4c-a7ac-c0f8b2e1f255}*SharedItemsImports = 4
		TwinpackCore\TwinpackCore.projitems*{9607f8b7-e76a-452c-87f0-e804bae4e92f}*SharedItemsImports = 4
		TwinpackCore\TwinpackCore.projitems*{963dd6a7-e9d8-4386-92e0-8b39cb7d8e9c}*SharedItemsImports = 13
		TwinpackCore\TwinpackCore.projitems*{c9f03787-eacd-4120-83e4-414ab7a8c695}*SharedItemsImports = 4
		TwinpackCore\TwinpackCore.projitems*{fded33d8-3f68-4ac3-aa86-d61e20801c2f}*SharedItemsImports = 5
	EndGlobalSection
EndGlobal
